
Microsoft Visual Studio Solution File, Format Version 12.00
# Visual Studio Version 17
VisualStudioVersion = 17.14.36717.8
MinimumVisualStudioVersion = 10.0.40219.1
Project("{9A19103F-16F7-4668-BE54-9A1E7A4F7556}") = "SV22T1020239.Shop", "SV22T1020239.Shop\SV22T1020239.Shop.csproj", "{5673E6B5-7576-44A0-B9E4-61FCCA4405E9}"
EndProject
Project("{FAE04EC0-301F-11D3-BF4B-00C04F79EFBC}") = "Models", "Models\Models.csproj", "{B59F8DEA-1A26-495B-AEF8-5EA4139D4896}"
EndProject
Project("{FAE04EC0-301F-11D3-BF4B-00C04F79EFBC}") = "DataAccessTool", "DataAccessTool\DataAccessTool.csproj", "{34DF2A64-8E94-4125-9FEB-D2306C0D53B2}"
EndProject
Project("{FAE04EC0-301F-11D3-BF4B-00C04F79EFBC}") = "SV22T1020239.Admin", "SV22T1020239.Admin\SV22T1020239.Admin.csproj", "{C410DA25-E17C-4954-8E64-AE86587D2FE2}"
EndProject
Project("{FAE04EC0-301F-11D3-BF4B-00C04F79EFBC}") = "BusinessLayers", "BusinessLayers\BusinessLayers.csproj", "{C60C87A1-281B-4156-BDB0-6C84EFB74FD0}"
EndProject
Global
	GlobalSection(SolutionConfigurationPlatforms) = preSolution
		Debug|Any CPU = Debug|Any CPU
		Release|Any CPU = Release|Any CPU
	EndGlobalSection
	GlobalSection(ProjectConfigurationPlatforms) = postSolution
		{5673E6B5-7576-44A0-B9E4-61FCCA4405E9}.Debug|Any CPU.ActiveCfg = Debug|Any CPU
		{5673E6B5-7576-44A0-B9E4-61FCCA4405E9}.Debug|Any CPU.Build.0 = Debug|Any CPU
		{5673E6B5-7576-44A0-B9E4-61FCCA4405E9}.Release|Any CPU.ActiveCfg = Release|Any CPU
		{5673E6B5-7576-44A0-B9E4-61FCCA4405E9}.Release|Any CPU.Build.0 = Release|Any CPU
		{B59F8DEA-1A26-495B-AEF8-5EA4139D4896}.Debug|Any CPU.ActiveCfg = Debug|Any CPU
		{B59F8DEA-1A26-495B-AEF8-5EA4139D4896}.Debug|Any CPU.Build.0 = Debug|Any CPU
		{B59F8DEA-1A26-495B-AEF8-5EA4139D4896}.Release|Any CPU.ActiveCfg = Release|Any CPU
		{B59F8DEA-1A26-495B-AEF8-5EA4139D4896}.Release|Any CPU.Build.0 = Release|Any CPU
		{34DF2A64-8E94-4125-9FEB-D2306C0D53B2}.Debug|Any CPU.ActiveCfg = Debug|Any CPU
		{34DF2A64-8E94-4125-9FEB-D2306C0D53B2}.Debug|Any CPU.Build.0 = Debug|Any CPU
		{34DF2A64-8E94-4125-9FEB-D2306C0D53B2}.Release|Any CPU.ActiveCfg = Release|Any CPU
		{34DF2A64-8E94-4125-9FEB-D2306C0D53B2}.Release|Any CPU.Build.0 = Release|Any CPU
		{C410DA25-E17C-4954-8E64-AE86587D2FE2}.Debug|Any CPU.ActiveCfg = Debug|Any CPU
		{C410DA25-E17C-4954-8E64-AE86587D2FE2}.Debug|Any CPU.Build.0 = Debug|Any CPU
		{C410DA25-E17C-4954-8E64-AE86587D2FE2}.Release|Any CPU.ActiveCfg = Release|Any CPU
		{C410DA25-E17C-4954-8E64-AE86587D2FE2}.Release|Any CPU.Build.0 = Release|Any CPU
		{C60C87A1-281B-4156-BDB0-6C84EFB74FD0}.Debug|Any CPU.ActiveCfg = Debug|Any CPU
		{C60C87A1-281B-4156-BDB0-6C84EFB74FD0}.Debug|Any CPU.Build.0 = Debug|Any CPU
		{C60C87A1-281B-4156-BDB0-6C84EFB74FD0}.Release|Any CPU.ActiveCfg = Release|Any CPU
		{C60C87A1-281B-4156-BDB0-6C84EFB74FD0}.Release|Any CPU.Build.0 = Release|Any CPU
	EndGlobalSection
	GlobalSection(SolutionProperties) = preSolution
		HideSolutionNode = FALSE
	EndGlobalSection
	GlobalSection(ExtensibilityGlobals) = postSolution
		SolutionGuid = {929878E6-CBFA-4BEC-ABE7-ECD4C53995C0}
	EndGlobalSection
EndGlobal
